
Microsoft Visual Studio Solution File, Format Version 12.00
# Visual Studio 14
VisualStudioVersion = 14.0.25420.1
MinimumVisualStudioVersion = 10.0.40219.1
Project("{FAE04EC0-301F-11D3-BF4B-00C04F79EFBC}") = "EdgeSwappingSearch", "EdgeSwappingSearch\EdgeSwappingSearch.csproj", "{25DCD2C5-8189-415C-ACA9-78F0D4FCCB42}"
EndProject
Project("{FAE04EC0-301F-11D3-BF4B-00C04F79EFBC}") = "EdgeSwappingSearch_TESTS", "EdgeSwappingSearch_TESTS\EdgeSwappingSearch_TESTS.csproj", "{0FE7D315-C862-4B36-82CD-9AB0174EB544}"
EndProject
Global
	GlobalSection(SolutionConfigurationPlatforms) = preSolution
		Debug|Any CPU = Debug|Any CPU
		Release|Any CPU = Release|Any CPU
	EndGlobalSection
	GlobalSection(ProjectConfigurationPlatforms) = postSolution
		{25DCD2C5-8189-415C-ACA9-78F0D4FCCB42}.Debug|Any CPU.ActiveCfg = Debug|Any CPU
		{25DCD2C5-8189-415C-ACA9-78F0D4FCCB42}.Debug|Any CPU.Build.0 = Debug|Any CPU
		{25DCD2C5-8189-415C-ACA9-78F0D4FCCB42}.Release|Any CPU.ActiveCfg = Release|Any CPU
		{25DCD2C5-8189-415C-ACA9-78F0D4FCCB42}.Release|Any CPU.Build.0 = Release|Any CPU
		{0FE7D315-C862-4B36-82CD-9AB0174EB544}.Debug|Any CPU.ActiveCfg = Debug|Any CPU
		{0FE7D315-C862-4B36-82CD-9AB0174EB544}.Debug|Any CPU.Build.0 = Debug|Any CPU
		{0FE7D315-C862-4B36-82CD-9AB0174EB544}.Release|Any CPU.ActiveCfg = Release|Any CPU
		{0FE7D315-C862-4B36-82CD-9AB0174EB544}.Release|Any CPU.Build.0 = Release|Any CPU
	EndGlobalSection
	GlobalSection(SolutionProperties) = preSolution
		HideSolutionNode = FALSE
	EndGlobalSection
EndGlobal
